{
  "nodes": {
    "flakeNimbleLib": {
      "inputs": {
        "nixpkgs": [
          "nixpkgs"
        ]
      },
      "locked": {
        "lastModified": 1662018438,
        "narHash": "sha256-QtNtU6+LX3Wokxf0zlFwKTFOcn6TeDjKQZ+DA9OYtvM=",
        "owner": "riinr",
        "repo": "nim-flakes-lib",
        "rev": "b1fe8340736e3a85d25c709ac3dfd82a55c03cbf",
        "type": "github"
      },
      "original": {
        "owner": "riinr",
        "ref": "master",
        "repo": "nim-flakes-lib",
        "type": "github"
      }
    },
    "geometrymath-main": {
      "inputs": {
        "flakeNimbleLib": [
          "flakeNimbleLib"
        ],
        "nixpkgs": [
          "nixpkgs"
        ],
        "src-geometrymath-main": "src-geometrymath-main"
      },
      "locked": {
        "dir": "main",
        "lastModified": 1667322296,
        "narHash": "sha256-4ANNnnxnqbnM/cESMaNfFJA2zheLGUwCgJ7N4lpKuHQ=",
        "owner": "nim-nix-pkgs",
        "repo": "geometrymath",
        "rev": "61487880c9fb62f4b97376b53ce0f710b30745ee",
        "type": "github"
      },
      "original": {
        "dir": "main",
        "owner": "nim-nix-pkgs",
        "ref": "master",
        "repo": "geometrymath",
        "type": "github"
      }
    },
    "geometrymath-v1_0_0": {
      "inputs": {
        "flakeNimbleLib": [
          "flakeNimbleLib"
        ],
        "nixpkgs": [
          "nixpkgs"
        ],
        "src-geometrymath-v1_0_0": "src-geometrymath-v1_0_0"
      },
      "locked": {
        "dir": "v1_0_0",
        "lastModified": 1667322296,
        "narHash": "sha256-4ANNnnxnqbnM/cESMaNfFJA2zheLGUwCgJ7N4lpKuHQ=",
        "owner": "nim-nix-pkgs",
        "repo": "geometrymath",
        "rev": "61487880c9fb62f4b97376b53ce0f710b30745ee",
        "type": "github"
      },
      "original": {
        "dir": "v1_0_0",
        "owner": "nim-nix-pkgs",
        "ref": "master",
        "repo": "geometrymath",
        "type": "github"
      }
    },
    "nixpkgs": {
      "locked": {
        "lastModified": 1667199707,
        "narHash": "sha256-I2Js3Y7gUyVSEXPULHlBoRek4Lh85vnevdS6mdvDNLI=",
        "owner": "NixOS",
        "repo": "nixpkgs",
        "rev": "ced197be72099edcfa68ebed8b87af7b04851f45",
        "type": "github"
      },
      "original": {
        "id": "nixpkgs",
        "type": "indirect"
      }
    },
    "root": {
      "inputs": {
        "flakeNimbleLib": "flakeNimbleLib",
        "geometrymath-main": "geometrymath-main",
        "geometrymath-v1_0_0": "geometrymath-v1_0_0",
        "nixpkgs": "nixpkgs"
      }
    },
    "src-geometrymath-main": {
      "flake": false,
      "locked": {
        "lastModified": 1664279861,
        "narHash": "sha256-bciT6q96Rpjt1HU5t6Wpo1/3SYhkZVFi5YDcYa2QXTI=",
        "owner": "can-lehmann",
        "repo": "geometrymath",
        "rev": "58e94d9d086eb117f29b8b35a6f858545df611f8",
        "type": "github"
      },
      "original": {
        "owner": "can-lehmann",
        "ref": "refs/heads/main",
        "repo": "geometrymath",
        "type": "github"
      }
    },
    "src-geometrymath-v1_0_0": {
      "flake": false,
      "locked": {
        "lastModified": 1664279861,
        "narHash": "sha256-bciT6q96Rpjt1HU5t6Wpo1/3SYhkZVFi5YDcYa2QXTI=",
        "owner": "can-lehmann",
        "repo": "geometrymath",
        "rev": "58e94d9d086eb117f29b8b35a6f858545df611f8",
        "type": "github"
      },
      "original": {
        "owner": "can-lehmann",
        "ref": "refs/tags/v1.0.0",
        "repo": "geometrymath",
        "type": "github"
      }
    }
  },
  "root": "root",
  "version": 7
}
